# THIS IS AN AUTOGENERATED FILE. DO NOT EDIT THIS FILE DIRECTLY.
# yarn lockfile v1


"@openzeppelin/contracts@3.4.1-solc-0.7-2":
  version "3.4.1-solc-0.7-2"
  resolved "https://registry.yarnpkg.com/@openzeppelin/contracts/-/contracts-3.4.1-solc-0.7-2.tgz#371c67ebffe50f551c3146a9eec5fe6ffe862e92"
  integrity sha512-tAG9LWg8+M2CMu7hIsqHPaTyG4uDzjr6mhvH96LvOpLZZj6tgzTluBt+LsCf1/QaYrlis6pITvpIaIhE+iZB+Q==

"@openzeppelin/contracts@^4.0.0":
  version "4.0.0"
  resolved "https://registry.yarnpkg.com/@openzeppelin/contracts/-/contracts-4.0.0.tgz#54d1de30911635020c383cb73b160b698e7ae179"
  integrity sha512-UcIJl/vUVjTr3H1yYXZi7Sr2PlXzBEHVUJKOUlVyzyy0FI8oQCCy0Wx+BuK/fojdnmLeMvUk4KUvhKUybP+C7Q==

"@uniswap/lib@^4.0.1-alpha":
  version "4.0.1-alpha"
  resolved "https://registry.yarnpkg.com/@uniswap/lib/-/lib-4.0.1-alpha.tgz#2881008e55f075344675b3bca93f020b028fbd02"
  integrity sha512-f6UIliwBbRsgVLxIaBANF6w09tYqc6Y/qXdsrbEmXHyFA7ILiKrIwRFXe1yOg8M3cksgVsO9N7yuL2DdCGQKBA==

"@uniswap/v2-core@1.0.1":
  version "1.0.1"
  resolved "https://registry.yarnpkg.com/@uniswap/v2-core/-/v2-core-1.0.1.tgz#af8f508bf183204779938969e2e54043e147d425"
  integrity sha512-MtybtkUPSyysqLY2U210NBDeCHX+ltHt3oADGdjqoThZaFRDKwM6k1Nb3F0A3hk5hwuQvytFWhrWHOEq6nVJ8Q==

"@uniswap/v3-core@1.0.0-rc.2", "@uniswap/v3-core@^1.0.0-rc.2":
  version "1.0.0-rc.2"
  resolved "https://registry.yarnpkg.com/@uniswap/v3-core/-/v3-core-1.0.0-rc.2.tgz#a1afb3253a7295bec6165ad1d960121e6851a576"
  integrity sha512-vsqkqAHPCKsVi0nWwWeX+mHnSTJ8ZUdu1zAVXB9Mj9A+aeBQGV9foRKs9ufDGJq7S1nqmz+7FdjSOcVoeiUqgQ==

"@uniswap/v3-periphery@^1.0.0-beta.23":
  version "1.0.0-beta.23"
  resolved "https://registry.yarnpkg.com/@uniswap/v3-periphery/-/v3-periphery-1.0.0-beta.23.tgz#d8f55136b894a6101e050205f0d6a61bb8d28f67"
  integrity sha512-5cvK8/ITIVql+iZdPd0TR5EiNNm55ejAspjIxcsnGKyflaeQb+ePw6X4HTruTPGvPoaFvk+UirYeezUspXhlcg==
  dependencies:
    "@openzeppelin/contracts" "3.4.1-solc-0.7-2"
    "@uniswap/lib" "^4.0.1-alpha"
    "@uniswap/v2-core" "1.0.1"
    "@uniswap/v3-core" "1.0.0-rc.2"
    base64-sol "1.0.1"

base64-sol@1.0.1:
  version "1.0.1"
  resolved "https://registry.yarnpkg.com/base64-sol/-/base64-sol-1.0.1.tgz#91317aa341f0bc763811783c5729f1c2574600f6"
  integrity sha512-ld3cCNMeXt4uJXmLZBHFGMvVpK9KsLVEhPpFRXnvSVAqABKbuNZg/+dsq3NuM+wxFLb/UrVkz7m1ciWmkMfTbg==
